
Microsoft Visual Studio Solution File, Format Version 12.00
# Visual Studio Version 16
VisualStudioVersion = 16.0.30114.105
MinimumVisualStudioVersion = 10.0.40219.1
Project("{9A19103F-16F7-4668-BE54-9A1E7A4F7556}") = "shopapp.Domain", "shopapp.Domain\shopapp.Domain.csproj", "{EB428D4D-0A6D-4285-A5CA-1B35CD4AF8B2}"
EndProject
Project("{9A19103F-16F7-4668-BE54-9A1E7A4F7556}") = "shopapp.Core", "shopapp.Core\shopapp.Core.csproj", "{39050C75-1520-4CFB-85A1-550E30CD0586}"
EndProject
Project("{9A19103F-16F7-4668-BE54-9A1E7A4F7556}") = "shopapp.Common", "shopapp.Common\shopapp.Common.csproj", "{859279D6-8F21-4446-BBED-28E125A19737}"
EndProject
Project("{9A19103F-16F7-4668-BE54-9A1E7A4F7556}") = "shoppapp.Services", "shoppapp.Services\shoppapp.Services.csproj", "{5D6BA469-98D8-481C-ABFC-DA3F6E4C8B5F}"
EndProject
Project("{9A19103F-16F7-4668-BE54-9A1E7A4F7556}") = "shopapp.WebUI", "shopapp.WebUI\shopapp.WebUI.csproj", "{39C976BB-B9B8-4C2D-8B06-ED3A6A9E1E1B}"
EndProject
Project("{FAE04EC0-301F-11D3-BF4B-00C04F79EFBC}") = "shopapp.API", "shopapp.API\shopapp.API.csproj", "{28120084-32A6-4510-BD03-5058EE82DEFE}"
EndProject
Global
	GlobalSection(SolutionConfigurationPlatforms) = preSolution
		Debug|Any CPU = Debug|Any CPU
		Release|Any CPU = Release|Any CPU
	EndGlobalSection
	GlobalSection(ProjectConfigurationPlatforms) = postSolution
		{EB428D4D-0A6D-4285-A5CA-1B35CD4AF8B2}.Debug|Any CPU.ActiveCfg = Debug|Any CPU
		{EB428D4D-0A6D-4285-A5CA-1B35CD4AF8B2}.Debug|Any CPU.Build.0 = Debug|Any CPU
		{EB428D4D-0A6D-4285-A5CA-1B35CD4AF8B2}.Release|Any CPU.ActiveCfg = Release|Any CPU
		{EB428D4D-0A6D-4285-A5CA-1B35CD4AF8B2}.Release|Any CPU.Build.0 = Release|Any CPU
		{39050C75-1520-4CFB-85A1-550E30CD0586}.Debug|Any CPU.ActiveCfg = Debug|Any CPU
		{39050C75-1520-4CFB-85A1-550E30CD0586}.Debug|Any CPU.Build.0 = Debug|Any CPU
		{39050C75-1520-4CFB-85A1-550E30CD0586}.Release|Any CPU.ActiveCfg = Release|Any CPU
		{39050C75-1520-4CFB-85A1-550E30CD0586}.Release|Any CPU.Build.0 = Release|Any CPU
		{859279D6-8F21-4446-BBED-28E125A19737}.Debug|Any CPU.ActiveCfg = Debug|Any CPU
		{859279D6-8F21-4446-BBED-28E125A19737}.Debug|Any CPU.Build.0 = Debug|Any CPU
		{859279D6-8F21-4446-BBED-28E125A19737}.Release|Any CPU.ActiveCfg = Release|Any CPU
		{859279D6-8F21-4446-BBED-28E125A19737}.Release|Any CPU.Build.0 = Release|Any CPU
		{5D6BA469-98D8-481C-ABFC-DA3F6E4C8B5F}.Debug|Any CPU.ActiveCfg = Debug|Any CPU
		{5D6BA469-98D8-481C-ABFC-DA3F6E4C8B5F}.Debug|Any CPU.Build.0 = Debug|Any CPU
		{5D6BA469-98D8-481C-ABFC-DA3F6E4C8B5F}.Release|Any CPU.ActiveCfg = Release|Any CPU
		{5D6BA469-98D8-481C-ABFC-DA3F6E4C8B5F}.Release|Any CPU.Build.0 = Release|Any CPU
		{39C976BB-B9B8-4C2D-8B06-ED3A6A9E1E1B}.Debug|Any CPU.ActiveCfg = Debug|Any CPU
		{39C976BB-B9B8-4C2D-8B06-ED3A6A9E1E1B}.Debug|Any CPU.Build.0 = Debug|Any CPU
		{39C976BB-B9B8-4C2D-8B06-ED3A6A9E1E1B}.Release|Any CPU.ActiveCfg = Release|Any CPU
		{39C976BB-B9B8-4C2D-8B06-ED3A6A9E1E1B}.Release|Any CPU.Build.0 = Release|Any CPU
		{28120084-32A6-4510-BD03-5058EE82DEFE}.Debug|Any CPU.ActiveCfg = Debug|Any CPU
		{28120084-32A6-4510-BD03-5058EE82DEFE}.Debug|Any CPU.Build.0 = Debug|Any CPU
		{28120084-32A6-4510-BD03-5058EE82DEFE}.Release|Any CPU.ActiveCfg = Release|Any CPU
		{28120084-32A6-4510-BD03-5058EE82DEFE}.Release|Any CPU.Build.0 = Release|Any CPU
	EndGlobalSection
	GlobalSection(SolutionProperties) = preSolution
		HideSolutionNode = FALSE
	EndGlobalSection
	GlobalSection(ExtensibilityGlobals) = postSolution
		SolutionGuid = {837C1C7B-B226-4046-9F7A-90AB02FE3AEE}
	EndGlobalSection
EndGlobal
